
Microsoft Visual Studio Solution File, Format Version 12.00
# Visual Studio Version 16
VisualStudioVersion = 16.0.31729.503
MinimumVisualStudioVersion = 10.0.40219.1
Project("{FAE04EC0-301F-11D3-BF4B-00C04F79EFBC}") = "HashSet", "HashSet.csproj", "{103569DE-27C0-4178-8666-C8ED63D56BC8}"
EndProject
Project("{FAE04EC0-301F-11D3-BF4B-00C04F79EFBC}") = "BinarySearchTree", "..\BinaryTree\BinarySearchTree.csproj", "{80CA37F6-7521-4335-A781-200242EEB414}"
EndProject
Global
	GlobalSection(SolutionConfigurationPlatforms) = preSolution
		Debug|Any CPU = Debug|Any CPU
		Release|Any CPU = Release|Any CPU
	EndGlobalSection
	GlobalSection(ProjectConfigurationPlatforms) = postSolution
		{103569DE-27C0-4178-8666-C8ED63D56BC8}.Debug|Any CPU.ActiveCfg = Debug|Any CPU
		{103569DE-27C0-4178-8666-C8ED63D56BC8}.Debug|Any CPU.Build.0 = Debug|Any CPU
		{103569DE-27C0-4178-8666-C8ED63D56BC8}.Release|Any CPU.ActiveCfg = Release|Any CPU
		{103569DE-27C0-4178-8666-C8ED63D56BC8}.Release|Any CPU.Build.0 = Release|Any CPU
		{80CA37F6-7521-4335-A781-200242EEB414}.Debug|Any CPU.ActiveCfg = Debug|Any CPU
		{80CA37F6-7521-4335-A781-200242EEB414}.Debug|Any CPU.Build.0 = Debug|Any CPU
		{80CA37F6-7521-4335-A781-200242EEB414}.Release|Any CPU.ActiveCfg = Release|Any CPU
		{80CA37F6-7521-4335-A781-200242EEB414}.Release|Any CPU.Build.0 = Release|Any CPU
	EndGlobalSection
	GlobalSection(SolutionProperties) = preSolution
		HideSolutionNode = FALSE
	EndGlobalSection
	GlobalSection(ExtensibilityGlobals) = postSolution
		SolutionGuid = {762D0A14-ED20-493B-9BE2-7DCB7922C226}
	EndGlobalSection
EndGlobal
